
Microsoft Visual Studio Solution File, Format Version 12.00
# Visual Studio 15
VisualStudioVersion = 15.0.27004.2002
MinimumVisualStudioVersion = 10.0.40219.1
Project("{FAE04EC0-301F-11D3-BF4B-00C04F79EFBC}") = "DBNeon", "DBNeon\DBNeon.csproj", "{71A13102-45A4-4D46-A608-646462B3A83A}"
EndProject
Global
	GlobalSection(SolutionConfigurationPlatforms) = preSolution
		Debug|Any CPU = Debug|Any CPU
		Release|Any CPU = Release|Any CPU
	EndGlobalSection
	GlobalSection(ProjectConfigurationPlatforms) = postSolution
		{71A13102-45A4-4D46-A608-646462B3A83A}.Debug|Any CPU.ActiveCfg = Debug|Any CPU
		{71A13102-45A4-4D46-A608-646462B3A83A}.Debug|Any CPU.Build.0 = Debug|Any CPU
		{71A13102-45A4-4D46-A608-646462B3A83A}.Release|Any CPU.ActiveCfg = Release|Any CPU
		{71A13102-45A4-4D46-A608-646462B3A83A}.Release|Any CPU.Build.0 = Release|Any CPU
	EndGlobalSection
	GlobalSection(SolutionProperties) = preSolution
		HideSolutionNode = FALSE
	EndGlobalSection
	GlobalSection(ExtensibilityGlobals) = postSolution
		SolutionGuid = {BEE63BB7-7217-4008-BB3A-D0658993E616}
	EndGlobalSection
EndGlobal
